
Microsoft Visual Studio Solution File, Format Version 12.00
# Visual Studio Version 16
VisualStudioVersion = 16.0.32002.261
MinimumVisualStudioVersion = 10.0.40219.1
Project("{FAE04EC0-301F-11D3-BF4B-00C04F79EFBC}") = "Webforrm", "Webforrm\Webforrm.csproj", "{A19DCB54-B0C3-431F-8B95-7C570AA388E9}"
EndProject
Global
	GlobalSection(SolutionConfigurationPlatforms) = preSolution
		Debug|Any CPU = Debug|Any CPU
		Release|Any CPU = Release|Any CPU
	EndGlobalSection
	GlobalSection(ProjectConfigurationPlatforms) = postSolution
		{A19DCB54-B0C3-431F-8B95-7C570AA388E9}.Debug|Any CPU.ActiveCfg = Debug|Any CPU
		{A19DCB54-B0C3-431F-8B95-7C570AA388E9}.Debug|Any CPU.Build.0 = Debug|Any CPU
		{A19DCB54-B0C3-431F-8B95-7C570AA388E9}.Release|Any CPU.ActiveCfg = Release|Any CPU
		{A19DCB54-B0C3-431F-8B95-7C570AA388E9}.Release|Any CPU.Build.0 = Release|Any CPU
	EndGlobalSection
	GlobalSection(SolutionProperties) = preSolution
		HideSolutionNode = FALSE
	EndGlobalSection
	GlobalSection(ExtensibilityGlobals) = postSolution
		SolutionGuid = {F3B21E05-2C5F-47A5-9218-66AB941E6CA8}
	EndGlobalSection
EndGlobal
